
Microsoft Visual Studio Solution File, Format Version 12.00
# Visual Studio Version 17
VisualStudioVersion = 17.0.32014.148
MinimumVisualStudioVersion = 10.0.40219.1
Project("{9A19103F-16F7-4668-BE54-9A1E7A4F7556}") = "SSI.FCData.Client", "SSI.FCData.Client\SSI.FCData.Client.csproj", "{2475134D-CA7C-4CBA-9FF9-FE92285FA07B}"
EndProject
Project("{FAE04EC0-301F-11D3-BF4B-00C04F79EFBC}") = "SSI.FCData.ClientExample", "SSI.FCData.ClientExample\SSI.FCData.ClientExample.csproj", "{DB910D36-AF8F-438A-8784-D7A9B2258AAB}"
EndProject
Global
	GlobalSection(SolutionConfigurationPlatforms) = preSolution
		Debug|Any CPU = Debug|Any CPU
		Release|Any CPU = Release|Any CPU
	EndGlobalSection
	GlobalSection(ProjectConfigurationPlatforms) = postSolution
		{2475134D-CA7C-4CBA-9FF9-FE92285FA07B}.Debug|Any CPU.ActiveCfg = Debug|Any CPU
		{2475134D-CA7C-4CBA-9FF9-FE92285FA07B}.Debug|Any CPU.Build.0 = Debug|Any CPU
		{2475134D-CA7C-4CBA-9FF9-FE92285FA07B}.Release|Any CPU.ActiveCfg = Release|Any CPU
		{2475134D-CA7C-4CBA-9FF9-FE92285FA07B}.Release|Any CPU.Build.0 = Release|Any CPU
		{DB910D36-AF8F-438A-8784-D7A9B2258AAB}.Debug|Any CPU.ActiveCfg = Debug|Any CPU
		{DB910D36-AF8F-438A-8784-D7A9B2258AAB}.Debug|Any CPU.Build.0 = Debug|Any CPU
		{DB910D36-AF8F-438A-8784-D7A9B2258AAB}.Release|Any CPU.ActiveCfg = Release|Any CPU
		{DB910D36-AF8F-438A-8784-D7A9B2258AAB}.Release|Any CPU.Build.0 = Release|Any CPU
	EndGlobalSection
	GlobalSection(SolutionProperties) = preSolution
		HideSolutionNode = FALSE
	EndGlobalSection
	GlobalSection(ExtensibilityGlobals) = postSolution
		SolutionGuid = {1762990E-2243-42DD-A046-D31AF10812D6}
	EndGlobalSection
EndGlobal
